{
    "_meta": {
        "hash": {
            "sha256": "dd632d76276a122c34dda12ff4851b00dacd8c1c2d6ce62fef417ff15f55738b"
        },
        "pipfile-spec": 6,
        "requires": {
            "python_version": "3.6"
        },
        "sources": [
            {
                "name": "pypi",
                "url": "https://pypi.org/simple",
                "verify_ssl": true
            }
        ]
    },
    "default": {
        "peewee": {
            "hashes": [
                "sha256:538d7b7f892e59ecbef6eeefb867fd37f20ac77e602b4ee94b2766836cfa24ba"
            ],
            "index": "pypi",
            "version": "==3.6.4"
        }
    },
    "develop": {}
}
